Microsoft Visual Studio Solution File, Format Version 12.00
# Visual Studio 15
Project("{8BC9CEB8-8B4A-11D0-8D11-00A0C91BC942}") = "ALL_BUILD", "ALL_BUILD.vcxproj", "{D7C8C4E5-505A-35E4-8DB9-BDAF16625BC8}"
	ProjectSection(ProjectDependencies) = postProject
		{44840A1E-F7F4-3C5E-84FA-72DE150E9348} = {44840A1E-F7F4-3C5E-84FA-72DE150E9348}
		{FB020894-53A7-375F-9D81-9E51EEB5A7A4} = {FB020894-53A7-375F-9D81-9E51EEB5A7A4}
		{924C0121-A2F1-330B-9700-CD1513A5D37E} = {924C0121-A2F1-330B-9700-CD1513A5D37E}
	EndProjectSection
EndProject
Project("{8BC9CEB8-8B4A-11D0-8D11-00A0C91BC942}") = "INSTALL", "INSTALL.vcxproj", "{0B5192B6-B99D-34AA-9B3C-CBFAF69BDAE9}"
	ProjectSection(ProjectDependencies) = postProject
		{D7C8C4E5-505A-35E4-8DB9-BDAF16625BC8} = {D7C8C4E5-505A-35E4-8DB9-BDAF16625BC8}
		{44840A1E-F7F4-3C5E-84FA-72DE150E9348} = {44840A1E-F7F4-3C5E-84FA-72DE150E9348}
	EndProjectSection
EndProject
Project("{8BC9CEB8-8B4A-11D0-8D11-00A0C91BC942}") = "ZERO_CHECK", "ZERO_CHECK.vcxproj", "{44840A1E-F7F4-3C5E-84FA-72DE150E9348}"
	ProjectSection(ProjectDependencies) = postProject
	EndProjectSection
EndProject
Project("{6989167D-11E4-40FE-8C1A-2192A86A7E90}") = "prms", "prms\prms.vfproj", "{FB020894-53A7-375F-9D81-9E51EEB5A7A4}"
	ProjectSection(ProjectDependencies) = postProject
		{44840A1E-F7F4-3C5E-84FA-72DE150E9348} = {44840A1E-F7F4-3C5E-84FA-72DE150E9348}
		{924C0121-A2F1-330B-9700-CD1513A5D37E} = {924C0121-A2F1-330B-9700-CD1513A5D37E}
	EndProjectSection
EndProject
Project("{6989167D-11E4-40FE-8C1A-2192A86A7E90}") = "prmslib", "prmslib\prmslib.vfproj", "{924C0121-A2F1-330B-9700-CD1513A5D37E}"
	ProjectSection(ProjectDependencies) = postProject
		{44840A1E-F7F4-3C5E-84FA-72DE150E9348} = {44840A1E-F7F4-3C5E-84FA-72DE150E9348}
	EndProjectSection
EndProject
Global
	GlobalSection(SolutionConfigurationPlatforms) = preSolution
		Debug|x64 = Debug|x64
		Release|x64 = Release|x64
		MinSizeRel|x64 = MinSizeRel|x64
		RelWithDebInfo|x64 = RelWithDebInfo|x64
	EndGlobalSection
	GlobalSection(ProjectConfigurationPlatforms) = postSolution
		{D7C8C4E5-505A-35E4-8DB9-BDAF16625BC8}.Debug|x64.ActiveCfg = Debug|x64
		{D7C8C4E5-505A-35E4-8DB9-BDAF16625BC8}.Debug|x64.Build.0 = Debug|x64
		{D7C8C4E5-505A-35E4-8DB9-BDAF16625BC8}.Release|x64.ActiveCfg = Release|x64
		{D7C8C4E5-505A-35E4-8DB9-BDAF16625BC8}.Release|x64.Build.0 = Release|x64
		{D7C8C4E5-505A-35E4-8DB9-BDAF16625BC8}.MinSizeRel|x64.ActiveCfg = MinSizeRel|x64
		{D7C8C4E5-505A-35E4-8DB9-BDAF16625BC8}.MinSizeRel|x64.Build.0 = MinSizeRel|x64
		{D7C8C4E5-505A-35E4-8DB9-BDAF16625BC8}.RelWithDebInfo|x64.ActiveCfg = RelWithDebInfo|x64
		{D7C8C4E5-505A-35E4-8DB9-BDAF16625BC8}.RelWithDebInfo|x64.Build.0 = RelWithDebInfo|x64
		{0B5192B6-B99D-34AA-9B3C-CBFAF69BDAE9}.Debug|x64.ActiveCfg = Debug|x64
		{0B5192B6-B99D-34AA-9B3C-CBFAF69BDAE9}.Release|x64.ActiveCfg = Release|x64
		{0B5192B6-B99D-34AA-9B3C-CBFAF69BDAE9}.MinSizeRel|x64.ActiveCfg = MinSizeRel|x64
		{0B5192B6-B99D-34AA-9B3C-CBFAF69BDAE9}.RelWithDebInfo|x64.ActiveCfg = RelWithDebInfo|x64
		{44840A1E-F7F4-3C5E-84FA-72DE150E9348}.Debug|x64.ActiveCfg = Debug|x64
		{44840A1E-F7F4-3C5E-84FA-72DE150E9348}.Debug|x64.Build.0 = Debug|x64
		{44840A1E-F7F4-3C5E-84FA-72DE150E9348}.Release|x64.ActiveCfg = Release|x64
		{44840A1E-F7F4-3C5E-84FA-72DE150E9348}.Release|x64.Build.0 = Release|x64
		{44840A1E-F7F4-3C5E-84FA-72DE150E9348}.MinSizeRel|x64.ActiveCfg = MinSizeRel|x64
		{44840A1E-F7F4-3C5E-84FA-72DE150E9348}.MinSizeRel|x64.Build.0 = MinSizeRel|x64
		{44840A1E-F7F4-3C5E-84FA-72DE150E9348}.RelWithDebInfo|x64.ActiveCfg = RelWithDebInfo|x64
		{44840A1E-F7F4-3C5E-84FA-72DE150E9348}.RelWithDebInfo|x64.Build.0 = RelWithDebInfo|x64
		{FB020894-53A7-375F-9D81-9E51EEB5A7A4}.Debug|x64.ActiveCfg = Debug|x64
		{FB020894-53A7-375F-9D81-9E51EEB5A7A4}.Debug|x64.Build.0 = Debug|x64
		{FB020894-53A7-375F-9D81-9E51EEB5A7A4}.Release|x64.ActiveCfg = Release|x64
		{FB020894-53A7-375F-9D81-9E51EEB5A7A4}.Release|x64.Build.0 = Release|x64
		{FB020894-53A7-375F-9D81-9E51EEB5A7A4}.MinSizeRel|x64.ActiveCfg = MinSizeRel|x64
		{FB020894-53A7-375F-9D81-9E51EEB5A7A4}.MinSizeRel|x64.Build.0 = MinSizeRel|x64
		{FB020894-53A7-375F-9D81-9E51EEB5A7A4}.RelWithDebInfo|x64.ActiveCfg = RelWithDebInfo|x64
		{FB020894-53A7-375F-9D81-9E51EEB5A7A4}.RelWithDebInfo|x64.Build.0 = RelWithDebInfo|x64
		{924C0121-A2F1-330B-9700-CD1513A5D37E}.Debug|x64.ActiveCfg = Debug|x64
		{924C0121-A2F1-330B-9700-CD1513A5D37E}.Debug|x64.Build.0 = Debug|x64
		{924C0121-A2F1-330B-9700-CD1513A5D37E}.Release|x64.ActiveCfg = Release|x64
		{924C0121-A2F1-330B-9700-CD1513A5D37E}.Release|x64.Build.0 = Release|x64
		{924C0121-A2F1-330B-9700-CD1513A5D37E}.MinSizeRel|x64.ActiveCfg = MinSizeRel|x64
		{924C0121-A2F1-330B-9700-CD1513A5D37E}.MinSizeRel|x64.Build.0 = MinSizeRel|x64
		{924C0121-A2F1-330B-9700-CD1513A5D37E}.RelWithDebInfo|x64.ActiveCfg = RelWithDebInfo|x64
		{924C0121-A2F1-330B-9700-CD1513A5D37E}.RelWithDebInfo|x64.Build.0 = RelWithDebInfo|x64
	EndGlobalSection
	GlobalSection(ExtensibilityGlobals) = postSolution
		SolutionGuid = {BD0389F4-A3CE-358C-90E4-E45C0CD7850D}
	EndGlobalSection
	GlobalSection(ExtensibilityAddIns) = postSolution
	EndGlobalSection
EndGlobal
